{
  "name": "caphne-studymate-finder",
  "lockfileVersion": 3,
  "requires": true,
  "packages": {
    "": {
      "name": "caphne-studymate-finder",
      "devDependencies": {
        "prettier": "^3.7.4",
        "turbo": "^2.7.4",
        "typescript": "5.9.2"
      },
      "engines": {
        "node": ">=18"
      }
    },
    "node_modules/prettier": {
      "version": "3.8.1",
      "resolved": "https://registry.npmjs.org/prettier/-/prettier-3.8.1.tgz",
      "integrity": "sha512-UOnG6LftzbdaHZcKoPFtOcCKztrQ57WkHDeRD9t/PTQtmT0NHSeWWepj6pS0z/N7+08BHFDQVUrfmfMRcZwbMg==",
      "dev": true,
      "license": "MIT",
      "bin": {
        "prettier": "bin/prettier.cjs"
      },
      "engines": {
        "node": ">=14"
      },
      "funding": {
        "url": "https://github.com/prettier/prettier?sponsor=1"
      }
    },
    "node_modules/turbo": {
      "version": "2.8.2",
      "resolved": "https://registry.npmjs.org/turbo/-/turbo-2.8.2.tgz",
      "integrity": "sha512-biW/S5hENCcJ5vxxJszCozEKcXtwGK29vxXzNbdfY/0q7QpYTCoyKdj0e8k/ADA6qkqaKDJwgrrHbC8Vy6wszg==",
      "dev": true,
      "license": "MIT",
      "bin": {
        "turbo": "bin/turbo"
      },
      "optionalDependencies": {
        "turbo-darwin-64": "2.8.2",
        "turbo-darwin-arm64": "2.8.2",
        "turbo-linux-64": "2.8.2",
        "turbo-linux-arm64": "2.8.2",
        "turbo-windows-64": "2.8.2",
        "turbo-windows-arm64": "2.8.2"
      }
    },
    "node_modules/turbo-darwin-64": {
      "version": "2.8.2",
      "resolved": "https://registry.npmjs.org/turbo-darwin-64/-/turbo-darwin-64-2.8.2.tgz",
      "integrity": "sha512-sumREbxABHxrWIwlK67sZEaDRE7+BFSU8gZj8OK+X7dLpgW1vTjsHzTECB5m2qzWlXHRdueAk8sKv7wyHqv9jw==",
      "cpu": [
        "x64"
      ],
      "dev": true,
      "license": "MIT",
      "optional": true,
      "os": [
        "darwin"
      ]
    },
    "node_modules/turbo-darwin-arm64": {
      "version": "2.8.2",
      "resolved": "https://registry.npmjs.org/turbo-darwin-arm64/-/turbo-darwin-arm64-2.8.2.tgz",
      "integrity": "sha512-J3zoDkf+k9yozdJmdNUOc9YfIoFs01Zm+GgNyfY8pU6siMWlPlgdt+3ezbIMeOns6CAQUzUcqo9awowykAS9Vw==",
      "cpu": [
        "arm64"
      ],
      "dev": true,
      "license": "MIT",
      "optional": true,
      "os": [
        "darwin"
      ]
    },
    "node_modules/turbo-linux-64": {
      "version": "2.8.2",
      "resolved": "https://registry.npmjs.org/turbo-linux-64/-/turbo-linux-64-2.8.2.tgz",
      "integrity": "sha512-iVYUM+tyNAPd34HhMSjYWi7OSXnxnDhPjFKVvzSb7cZmQS6GlDSr7MALc5Wt/zn6/7jm1FuS7c5Wffg9WD2e1Q==",
      "cpu": [
        "x64"
      ],
      "dev": true,
      "license": "MIT",
      "optional": true,
      "os": [
        "linux"
      ]
    },
    "node_modules/turbo-linux-arm64": {
      "version": "2.8.2",
      "resolved": "https://registry.npmjs.org/turbo-linux-arm64/-/turbo-linux-arm64-2.8.2.tgz",
      "integrity": "sha512-v7FJAHUhY2nSEE87mr5ZBO51GmsFKp0EmK2P6rO+vGimCPmnGlLNj1at/eVcnp/cHRDnJj8J+b3QHWdUzTPTkg==",
      "cpu": [
        "arm64"
      ],
      "dev": true,
      "license": "MIT",
      "optional": true,
      "os": [
        "linux"
      ]
    },
    "node_modules/turbo-windows-64": {
      "version": "2.8.2",
      "resolved": "https://registry.npmjs.org/turbo-windows-64/-/turbo-windows-64-2.8.2.tgz",
      "integrity": "sha512-d1X+U5JLhyAse0VXM0rpmu6iLbBTAvjwc7MX0PBkEaTz2aZQqOHBpQkkrxia7bZzRNbfXHbGSqY/vbE3GSFWzw==",
      "cpu": [
        "x64"
      ],
      "dev": true,
      "license": "MIT",
      "optional": true,
      "os": [
        "win32"
      ]
    },
    "node_modules/turbo-windows-arm64": {
      "version": "2.8.2",
      "resolved": "https://registry.npmjs.org/turbo-windows-arm64/-/turbo-windows-arm64-2.8.2.tgz",
      "integrity": "sha512-fMln07/l/5kscs79V0kTwdf17gkZW+E2iyqnzz691gLM7Jf6la0afd3IMsNtLzUh+dxKIFCswNiFVmHe8g+2jA==",
      "cpu": [
        "arm64"
      ],
      "dev": true,
      "license": "MIT",
      "optional": true,
      "os": [
        "win32"
      ]
    },
    "node_modules/typescript": {
      "version": "5.9.2",
      "resolved": "https://registry.npmjs.org/typescript/-/typescript-5.9.2.tgz",
      "integrity": "sha512-CWBzXQrc/qOkhidw1OzBTQuYRbfyxDXJMVJ1XNwUHGROVmuaeiEm3OslpZ1RV96d7SKKjZKrSJu3+t/xlw3R9A==",
      "dev": true,
      "license": "Apache-2.0",
      "bin": {
        "tsc": "bin/tsc",
        "tsserver": "bin/tsserver"
      },
      "engines": {
        "node": ">=14.17"
      }
    }
  }
}
